
Microsoft Visual Studio Solution File, Format Version 12.00
# Visual Studio Version 17
VisualStudioVersion = 17.1.32414.318
MinimumVisualStudioVersion = 10.0.40219.1
Project("{9A19103F-16F7-4668-BE54-9A1E7A4F7556}") = "Battleground", "Battleground\Battleground.csproj", "{186B8699-E765-40A6-AF52-9618727BA8C9}"
EndProject
Project("{9A19103F-16F7-4668-BE54-9A1E7A4F7556}") = "Entities", "Entities\Entities.csproj", "{098FCC48-3436-4960-B39C-B54308DCFDBE}"
EndProject
Project("{9A19103F-16F7-4668-BE54-9A1E7A4F7556}") = "Game", "Game\Game.csproj", "{11D8851F-87A7-42C4-AAE0-E78C394D179B}"
EndProject
Project("{9A19103F-16F7-4668-BE54-9A1E7A4F7556}") = "ConsoleProgram", "ConsoleProgram\ConsoleProgram.csproj", "{C4FDF15A-6E64-4EF2-9FFF-54B44D8922A6}"
EndProject
Project("{FAE04EC0-301F-11D3-BF4B-00C04F79EFBC}") = "Utilities", "Utilities\Utilities.csproj", "{C8BDB3A2-FCE6-4199-88BC-314D0B8792B7}"
EndProject
Global
	GlobalSection(SolutionConfigurationPlatforms) = preSolution
		Debug|Any CPU = Debug|Any CPU
		Release|Any CPU = Release|Any CPU
	EndGlobalSection
	GlobalSection(ProjectConfigurationPlatforms) = postSolution
		{186B8699-E765-40A6-AF52-9618727BA8C9}.Debug|Any CPU.ActiveCfg = Debug|Any CPU
		{186B8699-E765-40A6-AF52-9618727BA8C9}.Debug|Any CPU.Build.0 = Debug|Any CPU
		{186B8699-E765-40A6-AF52-9618727BA8C9}.Release|Any CPU.ActiveCfg = Release|Any CPU
		{186B8699-E765-40A6-AF52-9618727BA8C9}.Release|Any CPU.Build.0 = Release|Any CPU
		{098FCC48-3436-4960-B39C-B54308DCFDBE}.Debug|Any CPU.ActiveCfg = Debug|Any CPU
		{098FCC48-3436-4960-B39C-B54308DCFDBE}.Debug|Any CPU.Build.0 = Debug|Any CPU
		{098FCC48-3436-4960-B39C-B54308DCFDBE}.Release|Any CPU.ActiveCfg = Release|Any CPU
		{098FCC48-3436-4960-B39C-B54308DCFDBE}.Release|Any CPU.Build.0 = Release|Any CPU
		{11D8851F-87A7-42C4-AAE0-E78C394D179B}.Debug|Any CPU.ActiveCfg = Debug|Any CPU
		{11D8851F-87A7-42C4-AAE0-E78C394D179B}.Debug|Any CPU.Build.0 = Debug|Any CPU
		{11D8851F-87A7-42C4-AAE0-E78C394D179B}.Release|Any CPU.ActiveCfg = Release|Any CPU
		{11D8851F-87A7-42C4-AAE0-E78C394D179B}.Release|Any CPU.Build.0 = Release|Any CPU
		{C4FDF15A-6E64-4EF2-9FFF-54B44D8922A6}.Debug|Any CPU.ActiveCfg = Debug|Any CPU
		{C4FDF15A-6E64-4EF2-9FFF-54B44D8922A6}.Debug|Any CPU.Build.0 = Debug|Any CPU
		{C4FDF15A-6E64-4EF2-9FFF-54B44D8922A6}.Release|Any CPU.ActiveCfg = Release|Any CPU
		{C4FDF15A-6E64-4EF2-9FFF-54B44D8922A6}.Release|Any CPU.Build.0 = Release|Any CPU
		{C8BDB3A2-FCE6-4199-88BC-314D0B8792B7}.Debug|Any CPU.ActiveCfg = Debug|Any CPU
		{C8BDB3A2-FCE6-4199-88BC-314D0B8792B7}.Debug|Any CPU.Build.0 = Debug|Any CPU
		{C8BDB3A2-FCE6-4199-88BC-314D0B8792B7}.Release|Any CPU.ActiveCfg = Release|Any CPU
		{C8BDB3A2-FCE6-4199-88BC-314D0B8792B7}.Release|Any CPU.Build.0 = Release|Any CPU
	EndGlobalSection
	GlobalSection(SolutionProperties) = preSolution
		HideSolutionNode = FALSE
	EndGlobalSection
	GlobalSection(ExtensibilityGlobals) = postSolution
		SolutionGuid = {023987A1-19F5-4640-A92E-84708E0EC505}
	EndGlobalSection
EndGlobal
